
Microsoft Visual Studio Solution File, Format Version 12.00
# Visual Studio Version 17
VisualStudioVersion = 17.0.31423.177
MinimumVisualStudioVersion = 10.0.40219.1
Project("{FAE04EC0-301F-11D3-BF4B-00C04F79EFBC}") = "RoboPrinter.WPF", "RoboPrinter.WPF\RoboPrinter.WPF.csproj", "{4BBFCB4F-C0AE-4989-B27B-311D87A4332B}"
EndProject
Project("{FAE04EC0-301F-11D3-BF4B-00C04F79EFBC}") = "RoboPrinter.Tests", "RoboPrinter.Tests\RoboPrinter.Tests.csproj", "{444F1595-DC60-43B4-8873-255B1151FE3D}"
EndProject
Project("{FAE04EC0-301F-11D3-BF4B-00C04F79EFBC}") = "RoboPrinter.Core", "RoboPrinter.Core\RoboPrinter.Core.csproj", "{2AC32D0C-1D93-492A-984D-B7BC41D125C7}"
EndProject
Global
	GlobalSection(SolutionConfigurationPlatforms) = preSolution
		Debug|Any CPU = Debug|Any CPU
		Release|Any CPU = Release|Any CPU
	EndGlobalSection
	GlobalSection(ProjectConfigurationPlatforms) = postSolution
		{4BBFCB4F-C0AE-4989-B27B-311D87A4332B}.Debug|Any CPU.ActiveCfg = Debug|Any CPU
		{4BBFCB4F-C0AE-4989-B27B-311D87A4332B}.Debug|Any CPU.Build.0 = Debug|Any CPU
		{4BBFCB4F-C0AE-4989-B27B-311D87A4332B}.Release|Any CPU.ActiveCfg = Release|Any CPU
		{4BBFCB4F-C0AE-4989-B27B-311D87A4332B}.Release|Any CPU.Build.0 = Release|Any CPU
		{444F1595-DC60-43B4-8873-255B1151FE3D}.Debug|Any CPU.ActiveCfg = Debug|Any CPU
		{444F1595-DC60-43B4-8873-255B1151FE3D}.Debug|Any CPU.Build.0 = Debug|Any CPU
		{444F1595-DC60-43B4-8873-255B1151FE3D}.Release|Any CPU.ActiveCfg = Release|Any CPU
		{444F1595-DC60-43B4-8873-255B1151FE3D}.Release|Any CPU.Build.0 = Release|Any CPU
		{2AC32D0C-1D93-492A-984D-B7BC41D125C7}.Debug|Any CPU.ActiveCfg = Debug|Any CPU
		{2AC32D0C-1D93-492A-984D-B7BC41D125C7}.Debug|Any CPU.Build.0 = Debug|Any CPU
		{2AC32D0C-1D93-492A-984D-B7BC41D125C7}.Release|Any CPU.ActiveCfg = Release|Any CPU
		{2AC32D0C-1D93-492A-984D-B7BC41D125C7}.Release|Any CPU.Build.0 = Release|Any CPU
	EndGlobalSection
	GlobalSection(SolutionProperties) = preSolution
		HideSolutionNode = FALSE
	EndGlobalSection
	GlobalSection(ExtensibilityGlobals) = postSolution
		SolutionGuid = {39BF526A-90C1-4BE9-B92B-34EC25CE136F}
	EndGlobalSection
EndGlobal
